// !$*UTF8*$!
{
	archiveVersion = 1;
	classes = {
	};
	objectVersion = 50;
	objects = {

/* Begin PBXBuildFile section */
		92F594562736F0850084D19F /* AppDelegate.swift in Sources */ = {isa = PBXBuildFile; fileRef = 92F594552736F0850084D19F /* AppDelegate.swift */; };
		92F594582736F0850084D19F /* ViewController.swift in Sources */ = {isa = PBXBuildFile; fileRef = 92F594572736F0850084D19F /* ViewController.swift */; };
		92F5945A2736F0850084D19F /* Experience.rcproject in Sources */ = {isa = PBXBuildFile; fileRef = 92F594592736F0850084D19F /* Experience.rcproject */; };
		92F5945D2736F0850084D19F /* Main.storyboard in Resources */ = {isa = PBXBuildFile; fileRef = 92F5945B2736F0850084D19F /* Main.storyboard */; };
		92F5945F2736F0870084D19F /* Assets.xcassets in Resources */ = {isa = PBXBuildFile; fileRef = 92F5945E2736F0870084D19F /* Assets.xcassets */; };
		92F594622736F0870084D19F /* LaunchScreen.storyboard in Resources */ = {isa = PBXBuildFile; fileRef = 92F594602736F0870084D19F /* LaunchScreen.storyboard */; };
		92F5946D2736F0870084D19F /* MoneyVisualizerTests.swift in Sources */ = {isa = PBXBuildFile; fileRef = 92F5946C2736F0870084D19F /* MoneyVisualizerTests.swift */; };
		92F594782736F0870084D19F /* MoneyVisualizerUITests.swift in Sources */ = {isa = PBXBuildFile; fileRef = 92F594772736F0870084D19F /* MoneyVisualizerUITests.swift */; };
/* End PBXBuildFile section */

/* Begin PBXContainerItemProxy section */
		92F594692736F0870084D19F /* PBXContainerItemProxy */ = {
			isa = PBXContainerItemProxy;
			containerPortal = 92F5944A2736F0850084D19F /* Project object */;
			proxyType = 1;
			remoteGlobalIDString = 92F594512736F0850084D19F;
			remoteInfo = MoneyVisualizer;
		};
		92F594742736F0870084D19F /* PBXContainerItemProxy */ = {
			isa = PBXContainerItemProxy;
			containerPortal = 92F5944A2736F0850084D19F /* Project object */;
			proxyType = 1;
			remoteGlobalIDString = 92F594512736F0850084D19F;
			remoteInfo = MoneyVisualizer;
		};
/* End PBXContainerItemProxy section */

/* Begin PBXFileReference section */
		92F594522736F0850084D19F /* MoneyVisualizer.app */ = {isa = PBXFileReference; explicitFileType = wrapper.application; includeInIndex = 0; path = MoneyVisualizer.app; sourceTree = BUILT_PRODUCTS_DIR; };
		92F594552736F0850084D19F /* AppDelegate.swift */ = {isa = PBXFileReference; lastKnownFileType = sourcecode.swift; path = AppDelegate.swift; sourceTree = "<group>"; };
		92F594572736F0850084D19F /* ViewController.swift */ = {isa = PBXFileReference; lastKnownFileType = sourcecode.swift; path = ViewController.swift; sourceTree = "<group>"; };
		92F594592736F0850084D19F /* Experience.rcproject */ = {isa = PBXFileReference; lastKnownFileType = file.rcproject; path = Experience.rcproject; sourceTree = "<group>"; };
		92F5945C2736F0850084D19F /* Base */ = {isa = PBXFileReference; lastKnownFileType = file.storyboard; name = Base; path = Base.lproj/Main.storyboard; sourceTree = "<group>"; };
		92F5945E2736F0870084D19F /* Assets.xcassets */ = {isa = PBXFileReference; lastKnownFileType = folder.assetcatalog; path = Assets.xcassets; sourceTree = "<group>"; };
		92F594612736F0870084D19F /* Base */ = {isa = PBXFileReference; lastKnownFileType = file.storyboard; name = Base; path = Base.lproj/LaunchScreen.storyboard; sourceTree = "<group>"; };
		92F594632736F0870084D19F /* Info.plist */ = {isa = PBXFileReference; lastKnownFileType = text.plist.xml; path = Info.plist; sourceTree = "<group>"; };
		92F594682736F0870084D19F /* MoneyVisualizerTests.xctest */ = {isa = PBXFileReference; explicitFileType = wrapper.cfbundle; includeInIndex = 0; path = MoneyVisualizerTests.xctest; sourceTree = BUILT_PRODUCTS_DIR; };
		92F5946C2736F0870084D19F /* MoneyVisualizerTests.swift */ = {isa = PBXFileReference; lastKnownFileType = sourcecode.swift; path = MoneyVisualizerTests.swift; sourceTree = "<group>"; };
		92F5946E2736F0870084D19F /* Info.plist */ = {isa = PBXFileReference; lastKnownFileType = text.plist.xml; path = Info.plist; sourceTree = "<group>"; };
		92F594732736F0870084D19F /* MoneyVisualizerUITests.xctest */ = {isa = PBXFileReference; explicitFileType = wrapper.cfbundle; includeInIndex = 0; path = MoneyVisualizerUITests.xctest; sourceTree = BUILT_PRODUCTS_DIR; };
		92F594772736F0870084D19F /* MoneyVisualizerUITests.swift */ = {isa = PBXFileReference; lastKnownFileType = sourcecode.swift; path = MoneyVisualizerUITests.swift; sourceTree = "<group>"; };
		92F594792736F0870084D19F /* Info.plist */ = {isa = PBXFileReference; lastKnownFileType = text.plist.xml; path = Info.plist; sourceTree = "<group>"; };
/* End PBXFileReference section */

/* Begin PBXFrameworksBuildPhase section */
		92F5944F2736F0850084D19F /* Frameworks */ = {
			isa = PBXFrameworksBuildPhase;
			buildActionMask = 2147483647;
			files = (
			);
			runOnlyForDeploymentPostprocessing = 0;
		};
		92F594652736F0870084D19F /* Frameworks */ = {
			isa = PBXFrameworksBuildPhase;
			buildActionMask = 2147483647;
			files = (
			);
			runOnlyForDeploymentPostprocessing = 0;
		};
		92F594702736F0870084D19F /* Frameworks */ = {
			isa = PBXFrameworksBuildPhase;
			buildActionMask = 2147483647;
			files = (
			);
			runOnlyForDeploymentPostprocessing = 0;
		};
/* End PBXFrameworksBuildPhase section */

/* Begin PBXGroup section */
		92F594492736F0850084D19F = {
			isa = PBXGroup;
			children = (
				92F594542736F0850084D19F /* MoneyVisualizer */,
				92F5946B2736F0870084D19F /* MoneyVisualizerTests */,
				92F594762736F0870084D19F /* MoneyVisualizerUITests */,
				92F594532736F0850084D19F /* Products */,
			);
			sourceTree = "<group>";
		};
		92F594532736F0850084D19F /* Products */ = {
			isa = PBXGroup;
			children = (
				92F594522736F0850084D19F /* MoneyVisualizer.app */,
				92F594682736F0870084D19F /* MoneyVisualizerTests.xctest */,
				92F594732736F0870084D19F /* MoneyVisualizerUITests.xctest */,
			);
			name = Products;
			sourceTree = "<group>";
		};
		92F594542736F0850084D19F /* MoneyVisualizer */ = {
			isa = PBXGroup;
			children = (
				92F594552736F0850084D19F /* AppDelegate.swift */,
				92F594572736F0850084D19F /* ViewController.swift */,
				92F594592736F0850084D19F /* Experience.rcproject */,
				92F5945B2736F0850084D19F /* Main.storyboard */,
				92F5945E2736F0870084D19F /* Assets.xcassets */,
				92F594602736F0870084D19F /* LaunchScreen.storyboard */,
				92F594632736F0870084D19F /* Info.plist */,
			);
			path = MoneyVisualizer;
			sourceTree = "<group>";
		};
		92F5946B2736F0870084D19F /* MoneyVisualizerTests */ = {
			isa = PBXGroup;
			children = (
				92F5946C2736F0870084D19F /* MoneyVisualizerTests.swift */,
				92F5946E2736F0870084D19F /* Info.plist */,
			);
			path = MoneyVisualizerTests;
			sourceTree = "<group>";
		};
		92F594762736F0870084D19F /* MoneyVisualizerUITests */ = {
			isa = PBXGroup;
			children = (
				92F594772736F0870084D19F /* MoneyVisualizerUITests.swift */,
				92F594792736F0870084D19F /* Info.plist */,
			);
			path = MoneyVisualizerUITests;
			sourceTree = "<group>";
		};
/* End PBXGroup section */

/* Begin PBXNativeTarget section */
		92F594512736F0850084D19F /* MoneyVisualizer */ = {
			isa = PBXNativeTarget;
			buildConfigurationList = 92F5947C2736F0870084D19F /* Build configuration list for PBXNativeTarget "MoneyVisualizer" */;
			buildPhases = (
				92F5944E2736F0850084D19F /* Sources */,
				92F5944F2736F0850084D19F /* Frameworks */,
				92F594502736F0850084D19F /* Resources */,
			);
			buildRules = (
			);
			dependencies = (
			);
			name = MoneyVisualizer;
			productName = MoneyVisualizer;
			productReference = 92F594522736F0850084D19F /* MoneyVisualizer.app */;
			productType = "com.apple.product-type.application";
		};
		92F594672736F0870084D19F /* MoneyVisualizerTests */ = {
			isa = PBXNativeTarget;
			buildConfigurationList = 92F5947F2736F0870084D19F /* Build configuration list for PBXNativeTarget "MoneyVisualizerTests" */;
			buildPhases = (
				92F594642736F0870084D19F /* Sources */,
				92F594652736F0870084D19F /* Frameworks */,
				92F594662736F0870084D19F /* Resources */,
			);
			buildRules = (
			);
			dependencies = (
				92F5946A2736F0870084D19F /* PBXTargetDependency */,
			);
			name = MoneyVisualizerTests;
			productName = MoneyVisualizerTests;
			productReference = 92F594682736F0870084D19F /* MoneyVisualizerTests.xctest */;
			productType = "com.apple.product-type.bundle.unit-test";
		};
		92F594722736F0870084D19F /* MoneyVisualizerUITests */ = {
			isa = PBXNativeTarget;
			buildConfigurationList = 92F594822736F0870084D19F /* Build configuration list for PBXNativeTarget "MoneyVisualizerUITests" */;
			buildPhases = (
				92F5946F2736F0870084D19F /* Sources */,
				92F594702736F0870084D19F /* Frameworks */,
				92F594712736F0870084D19F /* Resources */,
			);
			buildRules = (
			);
			dependencies = (
				92F594752736F0870084D19F /* PBXTargetDependency */,
			);
			name = MoneyVisualizerUITests;
			productName = MoneyVisualizerUITests;
			productReference = 92F594732736F0870084D19F /* MoneyVisualizerUITests.xctest */;
			productType = "com.apple.product-type.bundle.ui-testing";
		};
/* End PBXNativeTarget section */

/* Begin PBXProject section */
		92F5944A2736F0850084D19F /* Project object */ = {
			isa = PBXProject;
			attributes = {
				LastSwiftUpdateCheck = 1250;
				LastUpgradeCheck = 1250;
				TargetAttributes = {
					92F594512736F0850084D19F = {
						CreatedOnToolsVersion = 12.5.1;
					};
					92F594672736F0870084D19F = {
						CreatedOnToolsVersion = 12.5.1;
						TestTargetID = 92F594512736F0850084D19F;
					};
					92F594722736F0870084D19F = {
						CreatedOnToolsVersion = 12.5.1;
						TestTargetID = 92F594512736F0850084D19F;
					};
				};
			};
			buildConfigurationList = 92F5944D2736F0850084D19F /* Build configuration list for PBXProject "MoneyVisualizer" */;
			compatibilityVersion = "Xcode 9.3";
			developmentRegion = en;
			hasScannedForEncodings = 0;
			knownRegions = (
				en,
				Base,
			);
			mainGroup = 92F594492736F0850084D19F;
			productRefGroup = 92F594532736F0850084D19F /* Products */;
			projectDirPath = "";
			projectRoot = "";
			targets = (
				92F594512736F0850084D19F /* MoneyVisualizer */,
				92F594672736F0870084D19F /* MoneyVisualizerTests */,
				92F594722736F0870084D19F /* MoneyVisualizerUITests */,
			);
		};
/* End PBXProject section */

/* Begin PBXResourcesBuildPhase section */
		92F594502736F0850084D19F /* Resources */ = {
			isa = PBXResourcesBuildPhase;
			buildActionMask = 2147483647;
			files = (
				92F594622736F0870084D19F /* LaunchScreen.storyboard in Resources */,
				92F5945F2736F0870084D19F /* Assets.xcassets in Resources */,
				92F5945D2736F0850084D19F /* Main.storyboard in Resources */,
			);
			runOnlyForDeploymentPostprocessing = 0;
		};
		92F594662736F0870084D19F /* Resources */ = {
			isa = PBXResourcesBuildPhase;
			buildActionMask = 2147483647;
			files = (
			);
			runOnlyForDeploymentPostprocessing = 0;
		};
		92F594712736F0870084D19F /* Resources */ = {
			isa = PBXResourcesBuildPhase;
			buildActionMask = 2147483647;
			files = (
			);
			runOnlyForDeploymentPostprocessing = 0;
		};
/* End PBXResourcesBuildPhase section */

/* Begin PBXSourcesBuildPhase section */
		92F5944E2736F0850084D19F /* Sources */ = {
			isa = PBXSourcesBuildPhase;
			buildActionMask = 2147483647;
			files = (
				92F594582736F0850084D19F /* ViewController.swift in Sources */,
				92F594562736F0850084D19F /* AppDelegate.swift in Sources */,
				92F5945A2736F0850084D19F /* Experience.rcproject in Sources */,
			);
			runOnlyForDeploymentPostprocessing = 0;
		};
		92F594642736F0870084D19F /* Sources */ = {
			isa = PBXSourcesBuildPhase;
			buildActionMask = 2147483647;
			files = (
				92F5946D2736F0870084D19F /* MoneyVisualizerTests.swift in Sources */,
			);
			runOnlyForDeploymentPostprocessing = 0;
		};
		92F5946F2736F0870084D19F /* Sources */ = {
			isa = PBXSourcesBuildPhase;
			buildActionMask = 2147483647;
			files = (
				92F594782736F0870084D19F /* MoneyVisualizerUITests.swift in Sources */,
			);
			runOnlyForDeploymentPostprocessing = 0;
		};
/* End PBXSourcesBuildPhase section */

/* Begin PBXTargetDependency section */
		92F5946A2736F0870084D19F /* PBXTargetDependency */ = {
			isa = PBXTargetDependency;
			target = 92F594512736F0850084D19F /* MoneyVisualizer */;
			targetProxy = 92F594692736F0870084D19F /* PBXContainerItemProxy */;
		};
		92F594752736F0870084D19F /* PBXTargetDependency */ = {
			isa = PBXTargetDependency;
			target = 92F594512736F0850084D19F /* MoneyVisualizer */;
			targetProxy = 92F594742736F0870084D19F /* PBXContainerItemProxy */;
		};
/* End PBXTargetDependency section */

/* Begin PBXVariantGroup section */
		92F5945B2736F0850084D19F /* Main.storyboard */ = {
			isa = PBXVariantGroup;
			children = (
				92F5945C2736F0850084D19F /* Base */,
			);
			name = Main.storyboard;
			sourceTree = "<group>";
		};
		92F594602736F0870084D19F /* LaunchScreen.storyboard */ = {
			isa = PBXVariantGroup;
			children = (
				92F594612736F0870084D19F /* Base */,
			);
			name = LaunchScreen.storyboard;
			sourceTree = "<group>";
		};
/* End PBXVariantGroup section */

/* Begin XCBuildConfiguration section */
		92F5947A2736F0870084D19F /* Debug */ = {
			isa = XCBuildConfiguration;
			buildSettings = {
				ALWAYS_SEARCH_USER_PATHS = NO;
				CLANG_ANALYZER_NONNULL = YES;
				CLANG_ANALYZER_NUMBER_OBJECT_CONVERSION = YES_AGGRESSIVE;
				CLANG_CXX_LANGUAGE_STANDARD = "gnu++14";
				CLANG_CXX_LIBRARY = "libc++";
				CLANG_ENABLE_MODULES = YES;
				CLANG_ENABLE_OBJC_ARC = YES;
				CLANG_ENABLE_OBJC_WEAK = YES;
				CLANG_WARN_BLOCK_CAPTURE_AUTORELEASING = YES;
				CLANG_WARN_BOOL_CONVERSION = YES;
				CLANG_WARN_COMMA = YES;
				CLANG_WARN_CONSTANT_CONVERSION = YES;
				CLANG_WARN_DEPRECATED_OBJC_IMPLEMENTATIONS = YES;
				CLANG_WARN_DIRECT_OBJC_ISA_USAGE = YES_ERROR;
				CLANG_WARN_DOCUMENTATION_COMMENTS = YES;
				CLANG_WARN_EMPTY_BODY = YES;
				CLANG_WARN_ENUM_CONVERSION = YES;
				CLANG_WARN_INFINITE_RECURSION = YES;
				CLANG_WARN_INT_CONVERSION = YES;
				CLANG_WARN_NON_LITERAL_NULL_CONVERSION = YES;
				CLANG_WARN_OBJC_IMPLICIT_RETAIN_SELF = YES;
				CLANG_WARN_OBJC_LITERAL_CONVERSION = YES;
				CLANG_WARN_OBJC_ROOT_CLASS = YES_ERROR;
				CLANG_WARN_QUOTED_INCLUDE_IN_FRAMEWORK_HEADER = YES;
				CLANG_WARN_RANGE_LOOP_ANALYSIS = YES;
				CLANG_WARN_STRICT_PROTOTYPES = YES;
				CLANG_WARN_SUSPICIOUS_MOVE = YES;
				CLANG_WARN_UNGUARDED_AVAILABILITY = YES_AGGRESSIVE;
				CLANG_WARN_UNREACHABLE_CODE = YES;
				CLANG_WARN__DUPLICATE_METHOD_MATCH = YES;
				COPY_PHASE_STRIP = NO;
				DEBUG_INFORMATION_FORMAT = dwarf;
				ENABLE_STRICT_OBJC_MSGSEND = YES;
				ENABLE_TESTABILITY = YES;
				GCC_C_LANGUAGE_STANDARD = gnu11;
				GCC_DYNAMIC_NO_PIC = NO;
				GCC_NO_COMMON_BLOCKS = YES;
				GCC_OPTIMIZATION_LEVEL = 0;
				GCC_PREPROCESSOR_DEFINITIONS = (
					"DEBUG=1",
					"$(inherited)",
				);
				GCC_WARN_64_TO_32_BIT_CONVERSION = YES;
				GCC_WARN_ABOUT_RETURN_TYPE = YES_ERROR;
				GCC_WARN_UNDECLARED_SELECTOR = YES;
				GCC_WARN_UNINITIALIZED_AUTOS = YES_AGGRESSIVE;
				GCC_WARN_UNUSED_FUNCTION = YES;
				GCC_WARN_UNUSED_VARIABLE = YES;
				IPHONEOS_DEPLOYMENT_TARGET = 14.5;
				MTL_ENABLE_DEBUG_INFO = INCLUDE_SOURCE;
				MTL_FAST_MATH = YES;
				ONLY_ACTIVE_ARCH = YES;
				SDKROOT = iphoneos;
				SWIFT_ACTIVE_COMPILATION_CONDITIONS = DEBUG;
				SWIFT_OPTIMIZATION_LEVEL = "-Onone";
			};
			name = Debug;
		};
		92F5947B2736F0870084D19F /* Release */ = {
			isa = XCBuildConfiguration;
			buildSettings = {
				ALWAYS_SEARCH_USER_PATHS = NO;
				CLANG_ANALYZER_NONNULL = YES;
				CLANG_ANALYZER_NUMBER_OBJECT_CONVERSION = YES_AGGRESSIVE;
				CLANG_CXX_LANGUAGE_STANDARD = "gnu++14";
				CLANG_CXX_LIBRARY = "libc++";
				CLANG_ENABLE_MODULES = YES;
				CLANG_ENABLE_OBJC_ARC = YES;
				CLANG_ENABLE_OBJC_WEAK = YES;
				CLANG_WARN_BLOCK_CAPTURE_AUTORELEASING = YES;
				CLANG_WARN_BOOL_CONVERSION = YES;
				CLANG_WARN_COMMA = YES;
				CLANG_WARN_CONSTANT_CONVERSION = YES;
				CLANG_WARN_DEPRECATED_OBJC_IMPLEMENTATIONS = YES;
				CLANG_WARN_DIRECT_OBJC_ISA_USAGE = YES_ERROR;
				CLANG_WARN_DOCUMENTATION_COMMENTS = YES;
				CLANG_WARN_EMPTY_BODY = YES;
				CLANG_WARN_ENUM_CONVERSION = YES;
				CLANG_WARN_INFINITE_RECURSION = YES;
				CLANG_WARN_INT_CONVERSION = YES;
				CLANG_WARN_NON_LITERAL_NULL_CONVERSION = YES;
				CLANG_WARN_OBJC_IMPLICIT_RETAIN_SELF = YES;
				CLANG_WARN_OBJC_LITERAL_CONVERSION = YES;
				CLANG_WARN_OBJC_ROOT_CLASS = YES_ERROR;
				CLANG_WARN_QUOTED_INCLUDE_IN_FRAMEWORK_HEADER = YES;
				CLANG_WARN_RANGE_LOOP_ANALYSIS = YES;
				CLANG_WARN_STRICT_PROTOTYPES = YES;
				CLANG_WARN_SUSPICIOUS_MOVE = YES;
				CLANG_WARN_UNGUARDED_AVAILABILITY = YES_AGGRESSIVE;
				CLANG_WARN_UNREACHABLE_CODE = YES;
				CLANG_WARN__DUPLICATE_METHOD_MATCH = YES;
				COPY_PHASE_STRIP = NO;
				DEBUG_INFORMATION_FORMAT = "dwarf-with-dsym";
				ENABLE_NS_ASSERTIONS = NO;
				ENABLE_STRICT_OBJC_MSGSEND = YES;
				GCC_C_LANGUAGE_STANDARD = gnu11;
				GCC_NO_COMMON_BLOCKS = YES;
				GCC_WARN_64_TO_32_BIT_CONVERSION = YES;
				GCC_WARN_ABOUT_RETURN_TYPE = YES_ERROR;
				GCC_WARN_UNDECLARED_SELECTOR = YES;
				GCC_WARN_UNINITIALIZED_AUTOS = YES_AGGRESSIVE;
				GCC_WARN_UNUSED_FUNCTION = YES;
				GCC_WARN_UNUSED_VARIABLE = YES;
				IPHONEOS_DEPLOYMENT_TARGET = 14.5;
				MTL_ENABLE_DEBUG_INFO = NO;
				MTL_FAST_MATH = YES;
				SDKROOT = iphoneos;
				SWIFT_COMPILATION_MODE = wholemodule;
				SWIFT_OPTIMIZATION_LEVEL = "-O";
				VALIDATE_PRODUCT = YES;
			};
			name = Release;
		};
		92F5947D2736F0870084D19F /* Debug */ = {
			isa = XCBuildConfiguration;
			buildSettings = {
				ASSETCATALOG_COMPILER_APPICON_NAME = AppIcon;
				ASSETCATALOG_COMPILER_GLOBAL_ACCENT_COLOR_NAME = AccentColor;
				CODE_SIGN_STYLE = Automatic;
				DEVELOPMENT_TEAM = 3FNK5438SF;
				INFOPLIST_FILE = MoneyVisualizer/Info.plist;
				LD_RUNPATH_SEARCH_PATHS = (
					"$(inherited)",
					"@executable_path/Frameworks",
				);
				PRODUCT_BUNDLE_IDENTIFIER = com.216.MoneyVisualizer;
				PRODUCT_NAME = "$(TARGET_NAME)";
				SWIFT_VERSION = 5.0;
				TARGETED_DEVICE_FAMILY = "1,2";
			};
			name = Debug;
		};
		92F5947E2736F0870084D19F /* Release */ = {
			isa = XCBuildConfiguration;
			buildSettings = {
				ASSETCATALOG_COMPILER_APPICON_NAME = AppIcon;
				ASSETCATALOG_COMPILER_GLOBAL_ACCENT_COLOR_NAME = AccentColor;
				CODE_SIGN_STYLE = Automatic;
				DEVELOPMENT_TEAM = 3FNK5438SF;
				INFOPLIST_FILE = MoneyVisualizer/Info.plist;
				LD_RUNPATH_SEARCH_PATHS = (
					"$(inherited)",
					"@executable_path/Frameworks",
				);
				PRODUCT_BUNDLE_IDENTIFIER = com.216.MoneyVisualizer;
				PRODUCT_NAME = "$(TARGET_NAME)";
				SWIFT_VERSION = 5.0;
				TARGETED_DEVICE_FAMILY = "1,2";
			};
			name = Release;
		};
		92F594802736F0870084D19F /* Debug */ = {
			isa = XCBuildConfiguration;
			buildSettings = {
				ALWAYS_EMBED_SWIFT_STANDARD_LIBRARIES = YES;
				BUNDLE_LOADER = "$(TEST_HOST)";
				CODE_SIGN_STYLE = Automatic;
				DEVELOPMENT_TEAM = 3FNK5438SF;
				INFOPLIST_FILE = MoneyVisualizerTests/Info.plist;
				IPHONEOS_DEPLOYMENT_TARGET = 14.5;
				LD_RUNPATH_SEARCH_PATHS = (
					"$(inherited)",
					"@executable_path/Frameworks",
					"@loader_path/Frameworks",
				);
				PRODUCT_BUNDLE_IDENTIFIER = com.216.MoneyVisualizerTests;
				PRODUCT_NAME = "$(TARGET_NAME)";
				SWIFT_VERSION = 5.0;
				TARGETED_DEVICE_FAMILY = "1,2";
				TEST_HOST = "$(BUILT_PRODUCTS_DIR)/MoneyVisualizer.app/MoneyVisualizer";
			};
			name = Debug;
		};
		92F594812736F0870084D19F /* Release */ = {
			isa = XCBuildConfiguration;
			buildSettings = {
				ALWAYS_EMBED_SWIFT_STANDARD_LIBRARIES = YES;
				BUNDLE_LOADER = "$(TEST_HOST)";
				CODE_SIGN_STYLE = Automatic;
				DEVELOPMENT_TEAM = 3FNK5438SF;
				INFOPLIST_FILE = MoneyVisualizerTests/Info.plist;
				IPHONEOS_DEPLOYMENT_TARGET = 14.5;
				LD_RUNPATH_SEARCH_PATHS = (
					"$(inherited)",
					"@executable_path/Frameworks",
					"@loader_path/Frameworks",
				);
				PRODUCT_BUNDLE_IDENTIFIER = com.216.MoneyVisualizerTests;
				PRODUCT_NAME = "$(TARGET_NAME)";
				SWIFT_VERSION = 5.0;
				TARGETED_DEVICE_FAMILY = "1,2";
				TEST_HOST = "$(BUILT_PRODUCTS_DIR)/MoneyVisualizer.app/MoneyVisualizer";
			};
			name = Release;
		};
		92F594832736F0870084D19F /* Debug */ = {
			isa = XCBuildConfiguration;
			buildSettings = {
				ALWAYS_EMBED_SWIFT_STANDARD_LIBRARIES = YES;
				CODE_SIGN_STYLE = Automatic;
				DEVELOPMENT_TEAM = 3FNK5438SF;
				INFOPLIST_FILE = MoneyVisualizerUITests/Info.plist;
				LD_RUNPATH_SEARCH_PATHS = (
					"$(inherited)",
					"@executable_path/Frameworks",
					"@loader_path/Frameworks",
				);
				PRODUCT_BUNDLE_IDENTIFIER = com.216.MoneyVisualizerUITests;
				PRODUCT_NAME = "$(TARGET_NAME)";
				SWIFT_VERSION = 5.0;
				TARGETED_DEVICE_FAMILY = "1,2";
				TEST_TARGET_NAME = MoneyVisualizer;
			};
			name = Debug;
		};
		92F594842736F0870084D19F /* Release */ = {
			isa = XCBuildConfiguration;
			buildSettings = {
				ALWAYS_EMBED_SWIFT_STANDARD_LIBRARIES = YES;
				CODE_SIGN_STYLE = Automatic;
				DEVELOPMENT_TEAM = 3FNK5438SF;
				INFOPLIST_FILE = MoneyVisualizerUITests/Info.plist;
				LD_RUNPATH_SEARCH_PATHS = (
					"$(inherited)",
					"@executable_path/Frameworks",
					"@loader_path/Frameworks",
				);
				PRODUCT_BUNDLE_IDENTIFIER = com.216.MoneyVisualizerUITests;
				PRODUCT_NAME = "$(TARGET_NAME)";
				SWIFT_VERSION = 5.0;
				TARGETED_DEVICE_FAMILY = "1,2";
				TEST_TARGET_NAME = MoneyVisualizer;
			};
			name = Release;
		};
/* End XCBuildConfiguration section */

/* Begin XCConfigurationList section */
		92F5944D2736F0850084D19F /* Build configuration list for PBXProject "MoneyVisualizer" */ = {
			isa = XCConfigurationList;
			buildConfigurations = (
				92F5947A2736F0870084D19F /* Debug */,
				92F5947B2736F0870084D19F /* Release */,
			);
			defaultConfigurationIsVisible = 0;
			defaultConfigurationName = Release;
		};
		92F5947C2736F0870084D19F /* Build configuration list for PBXNativeTarget "MoneyVisualizer" */ = {
			isa = XCConfigurationList;
			buildConfigurations = (
				92F5947D2736F0870084D19F /* Debug */,
				92F5947E2736F0870084D19F /* Release */,
			);
			defaultConfigurationIsVisible = 0;
			defaultConfigurationName = Release;
		};
		92F5947F2736F0870084D19F /* Build configuration list for PBXNativeTarget "MoneyVisualizerTests" */ = {
			isa = XCConfigurationList;
			buildConfigurations = (
				92F594802736F0870084D19F /* Debug */,
				92F594812736F0870084D19F /* Release */,
			);
			defaultConfigurationIsVisible = 0;
			defaultConfigurationName = Release;
		};
		92F594822736F0870084D19F /* Build configuration list for PBXNativeTarget "MoneyVisualizerUITests" */ = {
			isa = XCConfigurationList;
			buildConfigurations = (
				92F594832736F0870084D19F /* Debug */,
				92F594842736F0870084D19F /* Release */,
			);
			defaultConfigurationIsVisible = 0;
			defaultConfigurationName = Release;
		};
/* End XCConfigurationList section */
	};
	rootObject = 92F5944A2736F0850084D19F /* Project object */;
}
